{
  "name": "controlSale",
  "lockfileVersion": 2,
  "requires": true,
  "packages": {
    "": {
      "dependencies": {
        "@sweetalert2/theme-material-ui": "^5.0.15",
        "sweetalert2": "^11.6.15"
      }
    },
    "node_modules/@sweetalert2/theme-material-ui": {
      "version": "5.0.15",
      "resolved": "https://registry.npmjs.org/@sweetalert2/theme-material-ui/-/theme-material-ui-5.0.15.tgz",
      "integrity": "sha512-9c5tbu5nkBm+Po4YpTXo+V50wUbo/iPzc08Gpc3HZK618fKuYp29YetX732lSIoi2BpKzNygJvG3fZmkF/gzCw=="
    },
    "node_modules/sweetalert2": {
      "version": "11.6.15",
      "resolved": "https://registry.npmjs.org/sweetalert2/-/sweetalert2-11.6.15.tgz",
      "integrity": "sha512-FqMy1gRGHEI5G145NE5XSP059TziCJu9Xf9/mkki/aKu5pLNcYzjggOzKO5Ex10EBgAGDXQ99jyGfYYzGCYXRQ==",
      "funding": {
        "type": "individual",
        "url": "https://github.com/sponsors/limonte"
      }
    }
  },
  "dependencies": {
    "@sweetalert2/theme-material-ui": {
      "version": "5.0.15",
      "resolved": "https://registry.npmjs.org/@sweetalert2/theme-material-ui/-/theme-material-ui-5.0.15.tgz",
      "integrity": "sha512-9c5tbu5nkBm+Po4YpTXo+V50wUbo/iPzc08Gpc3HZK618fKuYp29YetX732lSIoi2BpKzNygJvG3fZmkF/gzCw=="
    },
    "sweetalert2": {
      "version": "11.6.15",
      "resolved": "https://registry.npmjs.org/sweetalert2/-/sweetalert2-11.6.15.tgz",
      "integrity": "sha512-FqMy1gRGHEI5G145NE5XSP059TziCJu9Xf9/mkki/aKu5pLNcYzjggOzKO5Ex10EBgAGDXQ99jyGfYYzGCYXRQ=="
    }
  }
}
